
Microsoft Visual Studio Solution File, Format Version 12.00
# Visual Studio Version 17
VisualStudioVersion = 17.10.34916.146
MinimumVisualStudioVersion = 10.0.40219.1
Project("{9A19103F-16F7-4668-BE54-9A1E7A4F7556}") = "FundoWebAPI", "FundooWebAPI\FundoWebAPI.csproj", "{6EC5DAC1-E390-4FEA-AB40-D3A6A2174DD2}"
EndProject
Project("{9A19103F-16F7-4668-BE54-9A1E7A4F7556}") = "UserBLL", "UserBLL\UserBLL.csproj", "{2C3035B7-AE60-4820-BE9F-27F0EECFAC3B}"
EndProject
Project("{9A19103F-16F7-4668-BE54-9A1E7A4F7556}") = "UserRLL", "UserRLL\UserRLL.csproj", "{84B593D9-103D-45A9-887E-3B238B6B91C1}"
EndProject
Project("{9A19103F-16F7-4668-BE54-9A1E7A4F7556}") = "UserModelLayer", "UserModelLayer\UserModelLayer.csproj", "{02F58D9E-D296-48EA-9B41-528B3BF6A3FE}"
EndProject
Project("{FAE04EC0-301F-11D3-BF4B-00C04F79EFBC}") = "ConsumeApp", "ConsumeApp\ConsumeApp.csproj", "{C3F43460-EBD8-4C59-87E4-5733D0242096}"
EndProject
Global
	GlobalSection(SolutionConfigurationPlatforms) = preSolution
		Debug|Any CPU = Debug|Any CPU
		Release|Any CPU = Release|Any CPU
	EndGlobalSection
	GlobalSection(ProjectConfigurationPlatforms) = postSolution
		{6EC5DAC1-E390-4FEA-AB40-D3A6A2174DD2}.Debug|Any CPU.ActiveCfg = Debug|Any CPU
		{6EC5DAC1-E390-4FEA-AB40-D3A6A2174DD2}.Debug|Any CPU.Build.0 = Debug|Any CPU
		{6EC5DAC1-E390-4FEA-AB40-D3A6A2174DD2}.Release|Any CPU.ActiveCfg = Release|Any CPU
		{6EC5DAC1-E390-4FEA-AB40-D3A6A2174DD2}.Release|Any CPU.Build.0 = Release|Any CPU
		{2C3035B7-AE60-4820-BE9F-27F0EECFAC3B}.Debug|Any CPU.ActiveCfg = Debug|Any CPU
		{2C3035B7-AE60-4820-BE9F-27F0EECFAC3B}.Debug|Any CPU.Build.0 = Debug|Any CPU
		{2C3035B7-AE60-4820-BE9F-27F0EECFAC3B}.Release|Any CPU.ActiveCfg = Release|Any CPU
		{2C3035B7-AE60-4820-BE9F-27F0EECFAC3B}.Release|Any CPU.Build.0 = Release|Any CPU
		{84B593D9-103D-45A9-887E-3B238B6B91C1}.Debug|Any CPU.ActiveCfg = Debug|Any CPU
		{84B593D9-103D-45A9-887E-3B238B6B91C1}.Debug|Any CPU.Build.0 = Debug|Any CPU
		{84B593D9-103D-45A9-887E-3B238B6B91C1}.Release|Any CPU.ActiveCfg = Release|Any CPU
		{84B593D9-103D-45A9-887E-3B238B6B91C1}.Release|Any CPU.Build.0 = Release|Any CPU
		{02F58D9E-D296-48EA-9B41-528B3BF6A3FE}.Debug|Any CPU.ActiveCfg = Debug|Any CPU
		{02F58D9E-D296-48EA-9B41-528B3BF6A3FE}.Debug|Any CPU.Build.0 = Debug|Any CPU
		{02F58D9E-D296-48EA-9B41-528B3BF6A3FE}.Release|Any CPU.ActiveCfg = Release|Any CPU
		{02F58D9E-D296-48EA-9B41-528B3BF6A3FE}.Release|Any CPU.Build.0 = Release|Any CPU
		{C3F43460-EBD8-4C59-87E4-5733D0242096}.Debug|Any CPU.ActiveCfg = Debug|Any CPU
		{C3F43460-EBD8-4C59-87E4-5733D0242096}.Debug|Any CPU.Build.0 = Debug|Any CPU
		{C3F43460-EBD8-4C59-87E4-5733D0242096}.Release|Any CPU.ActiveCfg = Release|Any CPU
		{C3F43460-EBD8-4C59-87E4-5733D0242096}.Release|Any CPU.Build.0 = Release|Any CPU
	EndGlobalSection
	GlobalSection(SolutionProperties) = preSolution
		HideSolutionNode = FALSE
	EndGlobalSection
	GlobalSection(ExtensibilityGlobals) = postSolution
		SolutionGuid = {A17C2880-071C-4B4A-B0DE-350A7237ECB7}
	EndGlobalSection
EndGlobal
